
Microsoft Visual Studio Solution File, Format Version 12.00
# Visual Studio 14
VisualStudioVersion = 14.0.25420.1
MinimumVisualStudioVersion = 10.0.40219.1
Project("{FAE04EC0-301F-11D3-BF4B-00C04F79EFBC}") = "DAL", "DLL\DAL.csproj", "{57E58654-208F-4D72-B083-03F0B18FDC47}"
EndProject
Project("{FAE04EC0-301F-11D3-BF4B-00C04F79EFBC}") = "BLL", "BLL\BLL.csproj", "{E5C5C2BD-5241-4442-B2C9-98A66FA2B8CD}"
	ProjectSection(ProjectDependencies) = postProject
		{57E58654-208F-4D72-B083-03F0B18FDC47} = {57E58654-208F-4D72-B083-03F0B18FDC47}
	EndProjectSection
EndProject
Project("{FAE04EC0-301F-11D3-BF4B-00C04F79EFBC}") = "WEB", "WEB\WEB.csproj", "{01A767B9-973B-4261-8011-347279113A9E}"
EndProject
Project("{FAE04EC0-301F-11D3-BF4B-00C04F79EFBC}") = "UnitTests", "UnitTests\UnitTests.csproj", "{C2DFFE90-6FBF-4E8F-80B9-E9AC4B11654D}"
EndProject
Global
	GlobalSection(SolutionConfigurationPlatforms) = preSolution
		Debug|Any CPU = Debug|Any CPU
		Release|Any CPU = Release|Any CPU
	EndGlobalSection
	GlobalSection(ProjectConfigurationPlatforms) = postSolution
		{57E58654-208F-4D72-B083-03F0B18FDC47}.Debug|Any CPU.ActiveCfg = Debug|Any CPU
		{57E58654-208F-4D72-B083-03F0B18FDC47}.Debug|Any CPU.Build.0 = Debug|Any CPU
		{57E58654-208F-4D72-B083-03F0B18FDC47}.Debug|Any CPU.Deploy.0 = Debug|Any CPU
		{57E58654-208F-4D72-B083-03F0B18FDC47}.Release|Any CPU.ActiveCfg = Release|Any CPU
		{57E58654-208F-4D72-B083-03F0B18FDC47}.Release|Any CPU.Build.0 = Release|Any CPU
		{E5C5C2BD-5241-4442-B2C9-98A66FA2B8CD}.Debug|Any CPU.ActiveCfg = Debug|Any CPU
		{E5C5C2BD-5241-4442-B2C9-98A66FA2B8CD}.Debug|Any CPU.Build.0 = Debug|Any CPU
		{E5C5C2BD-5241-4442-B2C9-98A66FA2B8CD}.Debug|Any CPU.Deploy.0 = Debug|Any CPU
		{E5C5C2BD-5241-4442-B2C9-98A66FA2B8CD}.Release|Any CPU.ActiveCfg = Release|Any CPU
		{E5C5C2BD-5241-4442-B2C9-98A66FA2B8CD}.Release|Any CPU.Build.0 = Release|Any CPU
		{01A767B9-973B-4261-8011-347279113A9E}.Debug|Any CPU.ActiveCfg = Debug|Any CPU
		{01A767B9-973B-4261-8011-347279113A9E}.Debug|Any CPU.Build.0 = Debug|Any CPU
		{01A767B9-973B-4261-8011-347279113A9E}.Release|Any CPU.ActiveCfg = Release|Any CPU
		{01A767B9-973B-4261-8011-347279113A9E}.Release|Any CPU.Build.0 = Release|Any CPU
		{C2DFFE90-6FBF-4E8F-80B9-E9AC4B11654D}.Debug|Any CPU.ActiveCfg = Debug|Any CPU
		{C2DFFE90-6FBF-4E8F-80B9-E9AC4B11654D}.Debug|Any CPU.Build.0 = Debug|Any CPU
		{C2DFFE90-6FBF-4E8F-80B9-E9AC4B11654D}.Release|Any CPU.ActiveCfg = Release|Any CPU
		{C2DFFE90-6FBF-4E8F-80B9-E9AC4B11654D}.Release|Any CPU.Build.0 = Release|Any CPU
	EndGlobalSection
	GlobalSection(SolutionProperties) = preSolution
		HideSolutionNode = FALSE
	EndGlobalSection
EndGlobal
